
Microsoft Visual Studio Solution File, Format Version 12.00
# Visual Studio 15
VisualStudioVersion = 15.0.28010.2036
MinimumVisualStudioVersion = 10.0.40219.1
Project("{FAE04EC0-301F-11D3-BF4B-00C04F79EFBC}") = "OM_Form", "OM_Form\OM_Form.csproj", "{E7129314-55EB-41D7-847A-C0DF98AEA879}"
EndProject
Global
	GlobalSection(SolutionConfigurationPlatforms) = preSolution
		Debug|Any CPU = Debug|Any CPU
		Release|Any CPU = Release|Any CPU
	EndGlobalSection
	GlobalSection(ProjectConfigurationPlatforms) = postSolution
		{E7129314-55EB-41D7-847A-C0DF98AEA879}.Debug|Any CPU.ActiveCfg = Debug|Any CPU
		{E7129314-55EB-41D7-847A-C0DF98AEA879}.Debug|Any CPU.Build.0 = Debug|Any CPU
		{E7129314-55EB-41D7-847A-C0DF98AEA879}.Release|Any CPU.ActiveCfg = Release|Any CPU
		{E7129314-55EB-41D7-847A-C0DF98AEA879}.Release|Any CPU.Build.0 = Release|Any CPU
	EndGlobalSection
	GlobalSection(SolutionProperties) = preSolution
		HideSolutionNode = FALSE
	EndGlobalSection
	GlobalSection(ExtensibilityGlobals) = postSolution
		SolutionGuid = {56025FC4-1D03-4881-AFA1-B039C77C8B8F}
	EndGlobalSection
EndGlobal
